
Microsoft Visual Studio Solution File, Format Version 12.00
# Visual Studio Version 16
VisualStudioVersion = 25.0.1706.4
MinimumVisualStudioVersion = 10.0.40219.1
Project("{FAE04EC0-301F-11D3-BF4B-00C04F79EFBC}") = "MfcWeb", "MfcWeb\MfcWeb.csproj", "{9B2BE872-E1E8-461B-87A6-BFA5DA90C0FF}"
EndProject
Global
	GlobalSection(SolutionConfigurationPlatforms) = preSolution
		Debug|Any CPU = Debug|Any CPU
		Release|Any CPU = Release|Any CPU
	EndGlobalSection
	GlobalSection(ProjectConfigurationPlatforms) = postSolution
		{9B2BE872-E1E8-461B-87A6-BFA5DA90C0FF}.Debug|Any CPU.ActiveCfg = Debug|Any CPU
		{9B2BE872-E1E8-461B-87A6-BFA5DA90C0FF}.Debug|Any CPU.Build.0 = Debug|Any CPU
		{9B2BE872-E1E8-461B-87A6-BFA5DA90C0FF}.Release|Any CPU.ActiveCfg = Release|Any CPU
		{9B2BE872-E1E8-461B-87A6-BFA5DA90C0FF}.Release|Any CPU.Build.0 = Release|Any CPU
	EndGlobalSection
	GlobalSection(SolutionProperties) = preSolution
		HideSolutionNode = FALSE
	EndGlobalSection
	GlobalSection(ExtensibilityGlobals) = postSolution
		SolutionGuid = {245C2C99-7528-455E-B00A-3721CD8C6F6B}
	EndGlobalSection
EndGlobal
